
Microsoft Visual Studio Solution File, Format Version 12.00
# Visual Studio 15
VisualStudioVersion = 15.0.28307.572
MinimumVisualStudioVersion = 10.0.40219.1
Project("{FAE04EC0-301F-11D3-BF4B-00C04F79EFBC}") = "WebApplication1", "WebApplication1\WebApplication1.csproj", "{486EEC22-82D6-4C33-AF8F-31257A902CBC}"
EndProject
Global
	GlobalSection(SolutionConfigurationPlatforms) = preSolution
		Debug|Any CPU = Debug|Any CPU
		Release|Any CPU = Release|Any CPU
	EndGlobalSection
	GlobalSection(ProjectConfigurationPlatforms) = postSolution
		{486EEC22-82D6-4C33-AF8F-31257A902CBC}.Debug|Any CPU.ActiveCfg = Debug|Any CPU
		{486EEC22-82D6-4C33-AF8F-31257A902CBC}.Debug|Any CPU.Build.0 = Debug|Any CPU
		{486EEC22-82D6-4C33-AF8F-31257A902CBC}.Release|Any CPU.ActiveCfg = Release|Any CPU
		{486EEC22-82D6-4C33-AF8F-31257A902CBC}.Release|Any CPU.Build.0 = Release|Any CPU
	EndGlobalSection
	GlobalSection(SolutionProperties) = preSolution
		HideSolutionNode = FALSE
	EndGlobalSection
	GlobalSection(ExtensibilityGlobals) = postSolution
		SolutionGuid = {B3B2EBD1-57F6-4E96-BCEE-371B19FA79A7}
	EndGlobalSection
EndGlobal
